{
  "originHash" : "a957e4c648de685100636afaf3b28c3d4536ec1ea30d641704aa2798ac5302e6",
  "pins" : [
    {
      "identity" : "capacitor-swift-pm",
      "kind" : "remoteSourceControl",
      "location" : "https://github.com/ionic-team/capacitor-swift-pm.git",
      "state" : {
        "revision" : "f1a8fadf1437c23b825c818fb6509c9dbbae2f61",
        "version" : "8.3.1"
      }
    }
  ],
  "version" : 3
}
